Microsoft Visual Studio Solution File, Format Version 11.00
# Visual Studio 2008

Project("{B3977577-2762-0007-9A56-FF05D5B59093}") = "libpd4unity-starter", "Assembly-CSharp.csproj", "{0708BDCF-C63A-4D9C-9C67-756A92B83B8C}"
EndProject
Global
	GlobalSection(SolutionConfigurationPlatforms) = preSolution
		Debug|Any CPU = Debug|Any CPU
		Release|Any CPU = Release|Any CPU
	EndGlobalSection
	GlobalSection(ProjectConfigurationPlatforms) = postSolution
		{0708BDCF-C63A-4D9C-9C67-756A92B83B8C}.Debug|Any CPU.ActiveCfg = Debug|Any CPU
		{0708BDCF-C63A-4D9C-9C67-756A92B83B8C}.Debug|Any CPU.Build.0 = Debug|Any CPU
		{0708BDCF-C63A-4D9C-9C67-756A92B83B8C}.Release|Any CPU.ActiveCfg = Release|Any CPU
		{0708BDCF-C63A-4D9C-9C67-756A92B83B8C}.Release|Any CPU.Build.0 = Release|Any CPU
	EndGlobalSection
	GlobalSection(SolutionProperties) = preSolution
		HideSolutionNode = FALSE
	EndGlobalSection
	GlobalSection(MonoDevelopProperties) = preSolution
		StartupItem = Assembly-CSharp.csproj
	EndGlobalSection
EndGlobal
